PODS:
  - SnapKit (5.7.1)
  - SwiftyExtension (2.8.3)

DEPENDENCIES:
  - SnapKit
  - SwiftyExtension (from `../`)

SPEC REPOS:
  trunk:
    - SnapKit

EXTERNAL SOURCES:
  SwiftyExtension:
    :path: "../"

SPEC CHECKSUMS:
  SnapKit: d612e99e678a2d3b95bf60b0705ed0a35c03484a
  SwiftyExtension: 4804240bea70e03fc7a68c5120a25966cad6dd0e

PODFILE CHECKSUM: df97670ee8074709ffd63e621d4350033e0ad66d

COCOAPODS: 1.15.2
